# THIS IS AN AUTOGENERATED FILE. DO NOT EDIT THIS FILE DIRECTLY.
# yarn lockfile v1


"@babel/runtime@^7.0.0":
  version "7.0.0"
  resolved "https://registry.yarnpkg.com/@babel/runtime/-/runtime-7.0.0.tgz#adeb78fedfc855aa05bc041640f3f6f98e85424c"
  dependencies:
    regenerator-runtime "^0.12.0"

async-lock@^1.1.0, async-lock@^1.1.3:
  version "1.1.3"
  resolved "https://registry.yarnpkg.com/async-lock/-/async-lock-1.1.3.tgz#e47f1cbb6bec765b73e27ed8961d58006457ec08"

base64-js@0.0.2, base64-js@^0.0.2:
  version "0.0.2"
  resolved "https://registry.yarnpkg.com/base64-js/-/base64-js-0.0.2.tgz#024f0f72afa25b75f9c0ee73cd4f55ec1bed9784"

base64-js@^1.0.2:
  version "1.3.0"
  resolved "https://registry.yarnpkg.com/base64-js/-/base64-js-1.3.0.tgz#cab1e6118f051095e58b5281aea8c1cd22bfc0e3"

benchmark@^1.0.0:
  version "1.0.0"
  resolved "https://registry.yarnpkg.com/benchmark/-/benchmark-1.0.0.tgz#2f1e2fa4c359f11122aa183082218e957e390c73"

bops@^0.0.7, bops@~0.0.6:
  version "0.0.7"
  resolved "https://registry.yarnpkg.com/bops/-/bops-0.0.7.tgz#b4a0a5a839a406454af0fe05a8b91a7a766a54e2"
  dependencies:
    base64-js "0.0.2"
    to-utf8 "0.0.1"

buffer@^5.1.0, buffer@^5.2.1:
  version "5.2.1"
  resolved "https://registry.yarnpkg.com/buffer/-/buffer-5.2.1.tgz#dd57fa0f109ac59c602479044dca7b8b3d0b71d6"
  dependencies:
    base64-js "^1.0.2"
    ieee754 "^1.1.4"

clean-git-ref@1.0.3, clean-git-ref@^1.0.3:
  version "1.0.3"
  resolved "https://registry.yarnpkg.com/clean-git-ref/-/clean-git-ref-1.0.3.tgz#5325dc839eab01c974ae0e97f5734782750f88ec"

core-util-is@^1.0.2, core-util-is@~1.0.0:
  version "1.0.2"
  resolved "https://registry.yarnpkg.com/core-util-is/-/core-util-is-1.0.2.tgz#b5fd54220aa2bc5ab57aab7140c940754503c1a7"

crc@^3.5.0, crc@^3.8.0:
  version "3.8.0"
  resolved "https://registry.yarnpkg.com/crc/-/crc-3.8.0.tgz#ad60269c2c856f8c299e2c4cc0de4556914056c6"
  dependencies:
    buffer "^5.1.0"

debug@^4.0.1:
  version "4.0.1"
  resolved "https://registry.yarnpkg.com/debug/-/debug-4.0.1.tgz#f9bb36d439b8d1f0dd52d8fb6b46e4ebb8c1cd5b"
  dependencies:
    ms "^2.1.1"

decompress-response@^3.3.0:
  version "3.3.0"
  resolved "https://registry.yarnpkg.com/decompress-response/-/decompress-response-3.3.0.tgz#80a4dd323748384bfa248083622aedec982adff3"
  dependencies:
    mimic-response "^1.0.0"

diff-lines@^1.1.0:
  version "1.1.0"
  resolved "https://registry.yarnpkg.com/diff-lines/-/diff-lines-1.1.0.tgz#4bbd925713e027477bcd42081b68449147b19648"
  dependencies:
    diff "^2.2.3"

diff@^2.2.3:
  version "2.2.3"
  resolved "https://registry.yarnpkg.com/diff/-/diff-2.2.3.tgz#60eafd0d28ee906e4e8ff0a52c1229521033bf99"

fast-extend@0.0.2, fast-extend@^0.0.2:
  version "0.0.2"
  resolved "https://registry.yarnpkg.com/fast-extend/-/fast-extend-0.0.2.tgz#f5ec42cf40b9460f521a6387dfb52deeed671dbd"

fs-monkey@^0.3.3:
  version "0.3.3"
  resolved "https://registry.yarnpkg.com/fs-monkey/-/fs-monkey-0.3.3.tgz#7960bb2b1fa2653731b9d0e2e84812a7e8b3664a"

git-apply-delta@0.0.7, git-apply-delta@^0.0.7:
  version "0.0.7"
  resolved "https://registry.yarnpkg.com/git-apply-delta/-/git-apply-delta-0.0.7.tgz#fb76ae144540d79440b52b31de03e63c993c7219"
  dependencies:
    bops "~0.0.6"
    varint "0.0.3"

globalyzer@^0.1.0:
  version "0.1.0"
  resolved "https://registry.yarnpkg.com/globalyzer/-/globalyzer-0.1.0.tgz#cb76da79555669a1519d5a8edf093afaa0bf1465"

globrex@^0.1.1:
  version "0.1.1"
  resolved "https://registry.yarnpkg.com/globrex/-/globrex-0.1.1.tgz#cfe565cfa910707d0ef98eb0b9d78c3c055ca2ef"

ieee754@^1.1.12, ieee754@^1.1.4:
  version "1.1.12"
  resolved "https://registry.yarnpkg.com/ieee754/-/ieee754-1.1.12.tgz#50bf24e5b9c8bb98af4964c941cdb0918da7b60b"

ignore@^5.0.0, ignore@^5.0.2:
  version "5.0.2"
  resolved "https://registry.yarnpkg.com/ignore/-/ignore-5.0.2.tgz#42ae2651beb40c8c53b1e16b2af1c8387d492f88"

inherits@^2.0.1, inherits@^2.0.3, inherits@~2.0.3:
  version "2.0.3"
  resolved "https://registry.yarnpkg.com/inherits/-/inherits-2.0.3.tgz#633c2c83e3da42a502f52466022480f4208261de"

isarray@^1.0.0, isarray@~1.0.0:
  version "1.0.0"
  resolved "https://registry.yarnpkg.com/isarray/-/isarray-1.0.0.tgz#bb935d48582cba168c06834957a54a3e07124f11"

isomorphic-git@^0.35.6:
  version "0.35.6"
  resolved "https://registry.yarnpkg.com/isomorphic-git/-/isomorphic-git-0.35.6.tgz#8127c7b5e2ec6c891e2b0c25226b253d93cabef2"
  dependencies:
    "@babel/runtime" "^7.0.0"
    async-lock "^1.1.0"
    clean-git-ref "1.0.3"
    crc "^3.5.0"
    debug "^4.0.1"
    diff-lines "^1.1.0"
    git-apply-delta "0.0.7"
    globalyzer "^0.1.0"
    globrex "^0.1.1"
    ignore "^5.0.0"
    locale2 "^2.2.0"
    marky "^1.2.0"
    minimisted "^2.0.0"
    nick "^0.1.3"
    pako "^1.0.6"
    pify "^4.0.0"
    sha.js "^2.4.9"
    simple-concat "^1.0.0"
    simple-get "^3.0.2"
    simplest-i18n "^1.0.0"
    split2 "^3.0.0"
    stream-source "^0.3.5"
    through2 "^2.0.3"

locale2@^2.2.0, locale2@^2.3.1:
  version "2.3.1"
  resolved "https://registry.yarnpkg.com/locale2/-/locale2-2.3.1.tgz#964c5d49b3cd6bbe6ff8a34379631fc7393c356f"

marky@^1.2.0:
  version "1.2.0"
  resolved "https://registry.yarnpkg.com/marky/-/marky-1.2.0.tgz#9617ed647bbbea8f45d19526da33dec70606df42"

memfs@^2.10.0:
  version "2.10.0"
  resolved "https://registry.yarnpkg.com/memfs/-/memfs-2.10.0.tgz#c0f80b432bed05fa9263bc179dcded6fa5904f06"
  dependencies:
    fast-extend "0.0.2"
    fs-monkey "^0.3.3"

mimic-response@^1.0.0, mimic-response@^1.0.1:
  version "1.0.1"
  resolved "https://registry.yarnpkg.com/mimic-response/-/mimic-response-1.0.1.tgz#4923538878eef42063cb8a3e3b0798781487ab1b"

minimist@^1.2.0:
  version "1.2.0"
  resolved "http://registry.npmjs.org/minimist/-/minimist-1.2.0.tgz#a35008b20f41383eec1fb914f4cd5df79a264284"

minimisted@^2.0.0:
  version "2.0.0"
  resolved "https://registry.yarnpkg.com/minimisted/-/minimisted-2.0.0.tgz#5e3295e74ed701b1cbeaa863a888181d6efbe8ce"
  dependencies:
    minimist "^1.2.0"

ms@^2.1.1:
  version "2.1.1"
  resolved "https://registry.yarnpkg.com/ms/-/ms-2.1.1.tgz#30a5864eb3ebb0a66f2ebe6d727af06a09d86e0a"

nick@^0.1.3:
  version "0.1.3"
  resolved "https://registry.yarnpkg.com/nick/-/nick-0.1.3.tgz#d8a30b7da789d417e0baa5437f33c487be9b6020"
  dependencies:
    benchmark "^1.0.0"

once@^1.3.1, once@^1.4.0:
  version "1.4.0"
  resolved "https://registry.yarnpkg.com/once/-/once-1.4.0.tgz#583b1aa775961d4b113ac17d9c50baef9dd76bd1"
  dependencies:
    wrappy "1"

pako@^1.0.6:
  version "1.0.6"
  resolved "https://registry.yarnpkg.com/pako/-/pako-1.0.6.tgz#0101211baa70c4bca4a0f63f2206e97b7dfaf258"

pify@^4.0.0:
  version "4.0.0"
  resolved "https://registry.yarnpkg.com/pify/-/pify-4.0.0.tgz#db04c982b632fd0df9090d14aaf1c8413cadb695"

process-nextick-args@^2.0.0, process-nextick-args@~2.0.0:
  version "2.0.0"
  resolved "https://registry.yarnpkg.com/process-nextick-args/-/process-nextick-args-2.0.0.tgz#a37d732f4271b4ab1ad070d35508e8290788ffaa"

readable-stream@^2.1.5, readable-stream@^2.3.6:
  version "2.3.6"
  resolved "http://registry.npmjs.org/readable-stream/-/readable-stream-2.3.6.tgz#b11c27d88b8ff1fbe070643cf94b0c79ae1b0aaf"
  dependencies:
    core-util-is "~1.0.0"
    inherits "~2.0.3"
    isarray "~1.0.0"
    process-nextick-args "~2.0.0"
    safe-buffer "~5.1.1"
    string_decoder "~1.1.1"
    util-deprecate "~1.0.1"

readable-stream@^3.0.0:
  version "3.0.3"
  resolved "https://registry.yarnpkg.com/readable-stream/-/readable-stream-3.0.3.tgz#a4db8813e3e0b87abdc01d5d5dbae828e59744b5"
  dependencies:
    inherits "^2.0.3"
    string_decoder "^1.1.1"
    util-deprecate "^1.0.1"

regenerator-runtime@^0.12.0, regenerator-runtime@^0.12.1:
  version "0.12.1"
  resolved "https://registry.yarnpkg.com/regenerator-runtime/-/regenerator-runtime-0.12.1.tgz#fa1a71544764c036f8c49b13a08b2594c9f8a0de"

safe-buffer@^5.0.1, safe-buffer@^5.1.2, safe-buffer@~5.1.0, safe-buffer@~5.1.1:
  version "5.1.2"
  resolved "https://registry.yarnpkg.com/safe-buffer/-/safe-buffer-5.1.2.tgz#991ec69d296e0313747d59bdfd2b745c35f8828d"

sha.js@^2.4.11, sha.js@^2.4.9:
  version "2.4.11"
  resolved "http://registry.npmjs.org/sha.js/-/sha.js-2.4.11.tgz#37a5cf0b81ecbc6943de109ba2960d1b26584ae7"
  dependencies:
    inherits "^2.0.1"
    safe-buffer "^5.0.1"

simple-concat@^1.0.0:
  version "1.0.0"
  resolved "https://registry.yarnpkg.com/simple-concat/-/simple-concat-1.0.0.tgz#7344cbb8b6e26fb27d66b2fc86f9f6d5997521c6"

simple-get@^3.0.2, simple-get@^3.0.3:
  version "3.0.3"
  resolved "https://registry.yarnpkg.com/simple-get/-/simple-get-3.0.3.tgz#924528ac3f9d7718ce5e9ec1b1a69c0be4d62efa"
  dependencies:
    decompress-response "^3.3.0"
    once "^1.3.1"
    simple-concat "^1.0.0"

simplest-i18n@^1.0.0:
  version "1.0.0"
  resolved "https://registry.yarnpkg.com/simplest-i18n/-/simplest-i18n-1.0.0.tgz#1cf059aad9f92aadfd25fa19d24a8abaa02c506c"

split2@^3.0.0:
  version "3.0.0"
  resolved "https://registry.yarnpkg.com/split2/-/split2-3.0.0.tgz#55057cd560687a7ef6464471597404577ff1735d"
  dependencies:
    readable-stream "^3.0.0"

stream-source@^0.3.5:
  version "0.3.5"
  resolved "https://registry.yarnpkg.com/stream-source/-/stream-source-0.3.5.tgz#b97f52d0f8ea566db071db679b985403a31e0340"

string_decoder@^1.1.1, string_decoder@~1.1.1:
  version "1.1.1"
  resolved "https://registry.yarnpkg.com/string_decoder/-/string_decoder-1.1.1.tgz#9cf1611ba62685d7030ae9e4ba34149c3af03fc8"
  dependencies:
    safe-buffer "~5.1.0"

through2@^2.0.3:
  version "2.0.3"
  resolved "https://registry.yarnpkg.com/through2/-/through2-2.0.3.tgz#0004569b37c7c74ba39c43f3ced78d1ad94140be"
  dependencies:
    readable-stream "^2.1.5"
    xtend "~4.0.1"

to-utf8@0.0.1, to-utf8@^0.0.1:
  version "0.0.1"
  resolved "https://registry.yarnpkg.com/to-utf8/-/to-utf8-0.0.1.tgz#d17aea72ff2fba39b9e43601be7b3ff72e089852"

util-deprecate@^1.0.1, util-deprecate@^1.0.2, util-deprecate@~1.0.1:
  version "1.0.2"
  resolved "https://registry.yarnpkg.com/util-deprecate/-/util-deprecate-1.0.2.tgz#450d4dc9fa70de732762fbd2d4a28981419a0ccf"

varint@0.0.3, varint@^0.0.3:
  version "0.0.3"
  resolved "https://registry.yarnpkg.com/varint/-/varint-0.0.3.tgz#b821de9b04b38b3cd22f72c18d94a9fb72ab3518"

wrappy@1, wrappy@^1.0.2:
  version "1.0.2"
  resolved "https://registry.yarnpkg.com/wrappy/-/wrappy-1.0.2.tgz#b5243d8f3ec1aa35f1364605bc0d1036e30ab69f"

xtend@^4.0.1, xtend@~4.0.1:
  version "4.0.1"
  resolved "https://registry.yarnpkg.com/xtend/-/xtend-4.0.1.tgz#a5c6d532be656e23db820efb943a1f04998d63af"
